
Microsoft Visual Studio Solution File, Format Version 12.00
# Visual Studio Version 17
VisualStudioVersion = 17.14.36203.30 d17.14
MinimumVisualStudioVersion = 10.0.40219.1
Project("{FAE04EC0-301F-11D3-BF4B-00C04F79EFBC}") = "SchoolWebApp", "SchoolWebApp\SchoolWebApp.csproj", "{F90DF1EF-8829-4E09-AA95-60B7564DC42D}"
EndProject
Global
	GlobalSection(SolutionConfigurationPlatforms) = preSolution
		Debug|Any CPU = Debug|Any CPU
		Release|Any CPU = Release|Any CPU
	EndGlobalSection
	GlobalSection(ProjectConfigurationPlatforms) = postSolution
		{F90DF1EF-8829-4E09-AA95-60B7564DC42D}.Debug|Any CPU.ActiveCfg = Debug|Any CPU
		{F90DF1EF-8829-4E09-AA95-60B7564DC42D}.Debug|Any CPU.Build.0 = Debug|Any CPU
		{F90DF1EF-8829-4E09-AA95-60B7564DC42D}.Release|Any CPU.ActiveCfg = Release|Any CPU
		{F90DF1EF-8829-4E09-AA95-60B7564DC42D}.Release|Any CPU.Build.0 = Release|Any CPU
	EndGlobalSection
	GlobalSection(SolutionProperties) = preSolution
		HideSolutionNode = FALSE
	EndGlobalSection
	GlobalSection(ExtensibilityGlobals) = postSolution
		SolutionGuid = {EA843BF3-C4D8-4EB5-BEFE-DF2463C4101A}
	EndGlobalSection
EndGlobal
